
Microsoft Visual Studio Solution File, Format Version 12.00
# Visual Studio Version 16
VisualStudioVersion = 16.0.31025.194
MinimumVisualStudioVersion = 10.0.40219.1
Project("{FAE04EC0-301F-11D3-BF4B-00C04F79EFBC}") = "DemoApp", "DemoApp\DemoApp.csproj", "{48B88176-1D01-41CA-9DF8-443F133314EC}"
EndProject
Global
	GlobalSection(SolutionConfigurationPlatforms) = preSolution
		Debug|Any CPU = Debug|Any CPU
		Release|Any CPU = Release|Any CPU
	EndGlobalSection
	GlobalSection(ProjectConfigurationPlatforms) = postSolution
		{48B88176-1D01-41CA-9DF8-443F133314EC}.Debug|Any CPU.ActiveCfg = Debug|Any CPU
		{48B88176-1D01-41CA-9DF8-443F133314EC}.Debug|Any CPU.Build.0 = Debug|Any CPU
		{48B88176-1D01-41CA-9DF8-443F133314EC}.Release|Any CPU.ActiveCfg = Release|Any CPU
		{48B88176-1D01-41CA-9DF8-443F133314EC}.Release|Any CPU.Build.0 = Release|Any CPU
	EndGlobalSection
	GlobalSection(SolutionProperties) = preSolution
		HideSolutionNode = FALSE
	EndGlobalSection
	GlobalSection(ExtensibilityGlobals) = postSolution
		SolutionGuid = {9340FF42-817D-4C7B-AB40-ADDA0C4AFEFE}
	EndGlobalSection
EndGlobal
